
Microsoft Visual Studio Solution File, Format Version 12.00
# Visual Studio Version 16
VisualStudioVersion = 16.0.30621.155
MinimumVisualStudioVersion = 10.0.40219.1
Project("{FAE04EC0-301F-11D3-BF4B-00C04F79EFBC}") = "BigSchool", "BigSchool\BigSchool.csproj", "{4057034A-0E2C-4E30-B355-CA4C6C99A890}"
EndProject
Global
	GlobalSection(SolutionConfigurationPlatforms) = preSolution
		Debug|Any CPU = Debug|Any CPU
		Release|Any CPU = Release|Any CPU
	EndGlobalSection
	GlobalSection(ProjectConfigurationPlatforms) = postSolution
		{4057034A-0E2C-4E30-B355-CA4C6C99A890}.Debug|Any CPU.ActiveCfg = Debug|Any CPU
		{4057034A-0E2C-4E30-B355-CA4C6C99A890}.Debug|Any CPU.Build.0 = Debug|Any CPU
		{4057034A-0E2C-4E30-B355-CA4C6C99A890}.Release|Any CPU.ActiveCfg = Release|Any CPU
		{4057034A-0E2C-4E30-B355-CA4C6C99A890}.Release|Any CPU.Build.0 = Release|Any CPU
	EndGlobalSection
	GlobalSection(SolutionProperties) = preSolution
		HideSolutionNode = FALSE
	EndGlobalSection
	GlobalSection(ExtensibilityGlobals) = postSolution
		SolutionGuid = {C3E37C80-9719-4A50-B615-365ED4775B74}
	EndGlobalSection
EndGlobal
